
Microsoft Visual Studio Solution File, Format Version 12.00
# Visual Studio 15
VisualStudioVersion = 15.0.28307.168
MinimumVisualStudioVersion = 10.0.40219.1
Project("{FAE04EC0-301F-11D3-BF4B-00C04F79EFBC}") = "Variables - Exercice 7", "Variables - Exercice 7\Variables - Exercice 7.csproj", "{ADDC1822-E536-4C06-BBE8-BC13F9E5F07C}"
EndProject
Global
	GlobalSection(SolutionConfigurationPlatforms) = preSolution
		Debug|Any CPU = Debug|Any CPU
		Release|Any CPU = Release|Any CPU
	EndGlobalSection
	GlobalSection(ProjectConfigurationPlatforms) = postSolution
		{ADDC1822-E536-4C06-BBE8-BC13F9E5F07C}.Debug|Any CPU.ActiveCfg = Debug|Any CPU
		{ADDC1822-E536-4C06-BBE8-BC13F9E5F07C}.Debug|Any CPU.Build.0 = Debug|Any CPU
		{ADDC1822-E536-4C06-BBE8-BC13F9E5F07C}.Release|Any CPU.ActiveCfg = Release|Any CPU
		{ADDC1822-E536-4C06-BBE8-BC13F9E5F07C}.Release|Any CPU.Build.0 = Release|Any CPU
	EndGlobalSection
	GlobalSection(SolutionProperties) = preSolution
		HideSolutionNode = FALSE
	EndGlobalSection
	GlobalSection(ExtensibilityGlobals) = postSolution
		SolutionGuid = {EC2B34EE-B056-4D76-A23E-19E7A1DFFAC4}
	EndGlobalSection
EndGlobal
